
Microsoft Visual Studio Solution File, Format Version 12.00
# Visual Studio Version 16
VisualStudioVersion = 16.0.30413.136
MinimumVisualStudioVersion = 10.0.40219.1
Project("{9A19103F-16F7-4668-BE54-9A1E7A4F7556}") = "Day 1", "Advent of code\Day 1.csproj", "{0A11EAED-FF68-4C26-A2E0-65D7C2B970F1}"
EndProject
Project("{9A19103F-16F7-4668-BE54-9A1E7A4F7556}") = "Day 2", "Day 2\Day 2.csproj", "{C3E4DEB9-97BF-4EF8-B913-A4478223B3A9}"
EndProject
Project("{9A19103F-16F7-4668-BE54-9A1E7A4F7556}") = "Day 3", "Day3\Day 3.csproj", "{BC4EFD6E-A7F8-48FC-8CA2-CBC69333F366}"
EndProject
Project("{9A19103F-16F7-4668-BE54-9A1E7A4F7556}") = "Day 4", "Day_4\Day 4.csproj", "{A85D9922-9997-41D4-808F-97255F32611D}"
EndProject
Project("{FAE04EC0-301F-11D3-BF4B-00C04F79EFBC}") = "Day 5", "Dy 5\Day 5.csproj", "{9EB6E0AF-86A7-4570-A5B7-D0670610BAF7}"
EndProject
Global
	GlobalSection(SolutionConfigurationPlatforms) = preSolution
		Debug|Any CPU = Debug|Any CPU
		Release|Any CPU = Release|Any CPU
	EndGlobalSection
	GlobalSection(ProjectConfigurationPlatforms) = postSolution
		{0A11EAED-FF68-4C26-A2E0-65D7C2B970F1}.Debug|Any CPU.ActiveCfg = Debug|Any CPU
		{0A11EAED-FF68-4C26-A2E0-65D7C2B970F1}.Debug|Any CPU.Build.0 = Debug|Any CPU
		{0A11EAED-FF68-4C26-A2E0-65D7C2B970F1}.Release|Any CPU.ActiveCfg = Release|Any CPU
		{0A11EAED-FF68-4C26-A2E0-65D7C2B970F1}.Release|Any CPU.Build.0 = Release|Any CPU
		{C3E4DEB9-97BF-4EF8-B913-A4478223B3A9}.Debug|Any CPU.ActiveCfg = Debug|Any CPU
		{C3E4DEB9-97BF-4EF8-B913-A4478223B3A9}.Debug|Any CPU.Build.0 = Debug|Any CPU
		{C3E4DEB9-97BF-4EF8-B913-A4478223B3A9}.Release|Any CPU.ActiveCfg = Release|Any CPU
		{C3E4DEB9-97BF-4EF8-B913-A4478223B3A9}.Release|Any CPU.Build.0 = Release|Any CPU
		{BC4EFD6E-A7F8-48FC-8CA2-CBC69333F366}.Debug|Any CPU.ActiveCfg = Debug|Any CPU
		{BC4EFD6E-A7F8-48FC-8CA2-CBC69333F366}.Debug|Any CPU.Build.0 = Debug|Any CPU
		{BC4EFD6E-A7F8-48FC-8CA2-CBC69333F366}.Release|Any CPU.ActiveCfg = Release|Any CPU
		{BC4EFD6E-A7F8-48FC-8CA2-CBC69333F366}.Release|Any CPU.Build.0 = Release|Any CPU
		{A85D9922-9997-41D4-808F-97255F32611D}.Debug|Any CPU.ActiveCfg = Debug|Any CPU
		{A85D9922-9997-41D4-808F-97255F32611D}.Debug|Any CPU.Build.0 = Debug|Any CPU
		{A85D9922-9997-41D4-808F-97255F32611D}.Release|Any CPU.ActiveCfg = Release|Any CPU
		{A85D9922-9997-41D4-808F-97255F32611D}.Release|Any CPU.Build.0 = Release|Any CPU
		{9EB6E0AF-86A7-4570-A5B7-D0670610BAF7}.Debug|Any CPU.ActiveCfg = Debug|Any CPU
		{9EB6E0AF-86A7-4570-A5B7-D0670610BAF7}.Debug|Any CPU.Build.0 = Debug|Any CPU
		{9EB6E0AF-86A7-4570-A5B7-D0670610BAF7}.Release|Any CPU.ActiveCfg = Release|Any CPU
		{9EB6E0AF-86A7-4570-A5B7-D0670610BAF7}.Release|Any CPU.Build.0 = Release|Any CPU
	EndGlobalSection
	GlobalSection(SolutionProperties) = preSolution
		HideSolutionNode = FALSE
	EndGlobalSection
	GlobalSection(ExtensibilityGlobals) = postSolution
		SolutionGuid = {96729B85-7078-457D-B6DD-EDE7C6A604C1}
	EndGlobalSection
EndGlobal
